
Microsoft Visual Studio Solution File, Format Version 12.00
# Visual Studio Version 17
VisualStudioVersion = 17.4.33213.308
MinimumVisualStudioVersion = 10.0.40219.1
Project("{FAE04EC0-301F-11D3-BF4B-00C04F79EFBC}") = "abc", "abc\abc.csproj", "{BE69E77A-BC38-4464-BDA7-85AFD7298FDC}"
EndProject
Global
	GlobalSection(SolutionConfigurationPlatforms) = preSolution
		Debug|Any CPU = Debug|Any CPU
		Release|Any CPU = Release|Any CPU
	EndGlobalSection
	GlobalSection(ProjectConfigurationPlatforms) = postSolution
		{BE69E77A-BC38-4464-BDA7-85AFD7298FDC}.Debug|Any CPU.ActiveCfg = Debug|Any CPU
		{BE69E77A-BC38-4464-BDA7-85AFD7298FDC}.Debug|Any CPU.Build.0 = Debug|Any CPU
		{BE69E77A-BC38-4464-BDA7-85AFD7298FDC}.Release|Any CPU.ActiveCfg = Release|Any CPU
		{BE69E77A-BC38-4464-BDA7-85AFD7298FDC}.Release|Any CPU.Build.0 = Release|Any CPU
	EndGlobalSection
	GlobalSection(SolutionProperties) = preSolution
		HideSolutionNode = FALSE
	EndGlobalSection
	GlobalSection(ExtensibilityGlobals) = postSolution
		SolutionGuid = {AC680C27-233A-4782-8A09-A153BBC78A7B}
	EndGlobalSection
EndGlobal
